
Microsoft Visual Studio Solution File, Format Version 12.00
# Visual Studio 15
VisualStudioVersion = 15.0.28307.757
MinimumVisualStudioVersion = 10.0.40219.1
Project("{FAE04EC0-301F-11D3-BF4B-00C04F79EFBC}") = "Senai.Gufos.WebApi", "Senai.Gufos.WebApi\Senai.Gufos.WebApi.csproj", "{6A42F4FF-E1BF-4BB8-ACF3-0BFF6E387DB7}"
EndProject
Global
	GlobalSection(SolutionConfigurationPlatforms) = preSolution
		Debug|Any CPU = Debug|Any CPU
		Release|Any CPU = Release|Any CPU
	EndGlobalSection
	GlobalSection(ProjectConfigurationPlatforms) = postSolution
		{6A42F4FF-E1BF-4BB8-ACF3-0BFF6E387DB7}.Debug|Any CPU.ActiveCfg = Debug|Any CPU
		{6A42F4FF-E1BF-4BB8-ACF3-0BFF6E387DB7}.Debug|Any CPU.Build.0 = Debug|Any CPU
		{6A42F4FF-E1BF-4BB8-ACF3-0BFF6E387DB7}.Release|Any CPU.ActiveCfg = Release|Any CPU
		{6A42F4FF-E1BF-4BB8-ACF3-0BFF6E387DB7}.Release|Any CPU.Build.0 = Release|Any CPU
	EndGlobalSection
	GlobalSection(SolutionProperties) = preSolution
		HideSolutionNode = FALSE
	EndGlobalSection
	GlobalSection(ExtensibilityGlobals) = postSolution
		SolutionGuid = {7A75DB37-CE6D-4DD9-B1FB-101AE3804897}
	EndGlobalSection
EndGlobal
